<?xml version="1.0" encoding="utf-8"?>
<Project ToolsVersion="4.0" xmlns="http://schemas.microsoft.com/developer/msbuild/2003">
  <ItemGroup>
    <Filter Include="0_Base">
      <UniqueIdentifier>{567982f1-dc11-46ad-9812-3cd7491a60df}</UniqueIdentifier>
    </Filter>
    <Filter Include="1_Engine">
      <UniqueIdentifier>{88d32c8b-91a3-4003-86a5-53338185f084}</UniqueIdentifier>
    </Filter>
    <Filter Include="2_Contents">
      <UniqueIdentifier>{82d30da5-ca3f-4cfd-abe1-e3e41d38a435}</UniqueIdentifier>
    </Filter>
    <Filter Include="2_Contents\0_ContentsBase">
      <UniqueIdentifier>{b0dac3f7-341d-4efe-8744-6e88799daeb7}</UniqueIdentifier>
    </Filter>
    <Filter Include="2_Contents\1_Actor">
      <UniqueIdentifier>{b24f4578-d183-4081-b990-ac768566c936}</UniqueIdentifier>
    </Filter>
    <Filter Include="2_Contents\1_Actor\Component">
      <UniqueIdentifier>{bcb98d12-d4b5-43e7-88c7-3c1cee4ce065}</UniqueIdentifier>
    </Filter>
    <Filter Include="2_Contents\2_Map">
      <UniqueIdentifier>{a1a5f2e5-8782-4dcb-af8b-62c9736a2cd9}</UniqueIdentifier>
    </Filter>
    <Filter Include="2_Contents\2_Map\Building">
      <UniqueIdentifier>{613e6057-236a-4f4a-bc82-de8587660de8}</UniqueIdentifier>
    </Filter>
  </ItemGroup>
  <ItemGroup>
    <ClCompile Include="Object.cpp">
      <Filter>1_Engine</Filter>
    </ClCompile>
    <ClCompile Include="FightUnit.cpp">
      <Filter>2_Contents\0_ContentsBase</Filter>
    </ClCompile>
    <ClCompile Include="StatusUnit.cpp">
      <Filter>2_Contents\0_ContentsBase</Filter>
    </ClCompile>
    <ClCompile Include="FightZone.cpp">
      <Filter>2_Contents\2_Map</Filter>
    </ClCompile>
    <ClCompile Include="Town.cpp">
      <Filter>2_Contents\2_Map</Filter>
    </ClCompile>
    <ClCompile Include="World.cpp">
      <Filter>2_Contents\2_Map</Filter>
    </ClCompile>
    <ClCompile Include="Zone.cpp">
      <Filter>2_Contents\2_Map</Filter>
    </ClCompile>
    <ClCompile Include="ContentsConst.cpp">
      <Filter>0_Base</Filter>
    </ClCompile>
    <ClCompile Include="TextRPG003ClassFile.cpp" />
    <ClCompile Include="Monster.cpp">
      <Filter>2_Contents\1_Actor</Filter>
    </ClCompile>
    <ClCompile Include="Player.cpp">
      <Filter>2_Contents\1_Actor</Filter>
    </ClCompile>
    <ClCompile Include="Item.cpp">
      <Filter>2_Contents\1_Actor\Component</Filter>
    </ClCompile>
    <ClCompile Include="BlackSmith.cpp">
      <Filter>2_Contents\2_Map\Building</Filter>
    </ClCompile>
  </ItemGroup>
  <ItemGroup>
    <ClInclude Include="Object.h">
      <Filter>1_Engine</Filter>
    </ClInclude>
    <ClInclude Include="FightUnit.h">
      <Filter>2_Contents\0_ContentsBase</Filter>
    </ClInclude>
    <ClInclude Include="StatusUnit.h">
      <Filter>2_Contents\0_ContentsBase</Filter>
    </ClInclude>
    <ClInclude Include="FightZone.h">
      <Filter>2_Contents\2_Map</Filter>
    </ClInclude>
    <ClInclude Include="Town.h">
      <Filter>2_Contents\2_Map</Filter>
    </ClInclude>
    <ClInclude Include="World.h">
      <Filter>2_Contents\2_Map</Filter>
    </ClInclude>
    <ClInclude Include="Zone.h">
      <Filter>2_Contents\2_Map</Filter>
    </ClInclude>
    <ClInclude Include="ContentsConst.h">
      <Filter>0_Base</Filter>
    </ClInclude>
    <ClInclude Include="Monster.h">
      <Filter>2_Contents\1_Actor</Filter>
    </ClInclude>
    <ClInclude Include="Player.h">
      <Filter>2_Contents\1_Actor</Filter>
    </ClInclude>
    <ClInclude Include="Item.h">
      <Filter>2_Contents\1_Actor\Component</Filter>
    </ClInclude>
    <ClInclude Include="BlackSmith.h">
      <Filter>2_Contents\2_Map\Building</Filter>
    </ClInclude>
  </ItemGroup>
</Project>