
Microsoft Visual Studio Solution File, Format Version 12.00
# Visual Studio Version 17
VisualStudioVersion = 17.11.35303.130
MinimumVisualStudioVersion = 10.0.40219.1
Project("{8BC9CEB8-8B4A-11D0-8D11-00A0C91BC942}") = "marron_hw", "marron_hw\marron_hw.vcxproj", "{E84AD6CA-0343-4320-A4C3-DB33A6C9F2BE}"
EndProject
Project("{8BC9CEB8-8B4A-11D0-8D11-00A0C91BC942}") = "Test", "Test\Test.vcxproj", "{D4C66894-1408-4AE3-859E-4469C65F18E8}"
EndProject
Project("{2150E333-8FDC-42A3-9474-1A3956D46DE8}") = "Framework", "Framework", "{664358B0-88D1-4AF7-9D7E-BEA17A40CDCD}"
EndProject
Project("{8BC9CEB8-8B4A-11D0-8D11-00A0C91BC942}") = "BaseSystem", "BaseSystem\BaseSystem.vcxproj", "{EB3A7E56-8D0B-4151-957B-420E26D1F148}"
EndProject
Project("{2150E333-8FDC-42A3-9474-1A3956D46DE8}") = "DataStruct", "DataStruct", "{54AB0344-D9A9-4FC5-A57C-170A325FEE74}"
EndProject
Project("{8BC9CEB8-8B4A-11D0-8D11-00A0C91BC942}") = "Node", "Node\Node.vcxproj", "{01450E78-6B6B-4F65-9B5C-A458A96FF82F}"
EndProject
Project("{8BC9CEB8-8B4A-11D0-8D11-00A0C91BC942}") = "TextRpgLast", "TextRpgLast\TextRpgLast.vcxproj", "{FA1BACA2-7E68-48C6-8B3C-D7D7B7AA324B}"
EndProject
Global
	GlobalSection(SolutionConfigurationPlatforms) = preSolution
		Debug|x64 = Debug|x64
		Debug|x86 = Debug|x86
		Release|x64 = Release|x64
		Release|x86 = Release|x86
	EndGlobalSection
	GlobalSection(ProjectConfigurationPlatforms) = postSolution
		{E84AD6CA-0343-4320-A4C3-DB33A6C9F2BE}.Debug|x64.ActiveCfg = Debug|x64
		{E84AD6CA-0343-4320-A4C3-DB33A6C9F2BE}.Debug|x64.Build.0 = Debug|x64
		{E84AD6CA-0343-4320-A4C3-DB33A6C9F2BE}.Debug|x86.ActiveCfg = Debug|Win32
		{E84AD6CA-0343-4320-A4C3-DB33A6C9F2BE}.Debug|x86.Build.0 = Debug|Win32
		{E84AD6CA-0343-4320-A4C3-DB33A6C9F2BE}.Release|x64.ActiveCfg = Release|x64
		{E84AD6CA-0343-4320-A4C3-DB33A6C9F2BE}.Release|x64.Build.0 = Release|x64
		{E84AD6CA-0343-4320-A4C3-DB33A6C9F2BE}.Release|x86.ActiveCfg = Release|Win32
		{E84AD6CA-0343-4320-A4C3-DB33A6C9F2BE}.Release|x86.Build.0 = Release|Win32
		{D4C66894-1408-4AE3-859E-4469C65F18E8}.Debug|x64.ActiveCfg = Debug|x64
		{D4C66894-1408-4AE3-859E-4469C65F18E8}.Debug|x64.Build.0 = Debug|x64
		{D4C66894-1408-4AE3-859E-4469C65F18E8}.Debug|x86.ActiveCfg = Debug|Win32
		{D4C66894-1408-4AE3-859E-4469C65F18E8}.Debug|x86.Build.0 = Debug|Win32
		{D4C66894-1408-4AE3-859E-4469C65F18E8}.Release|x64.ActiveCfg = Release|x64
		{D4C66894-1408-4AE3-859E-4469C65F18E8}.Release|x64.Build.0 = Release|x64
		{D4C66894-1408-4AE3-859E-4469C65F18E8}.Release|x86.ActiveCfg = Release|Win32
		{D4C66894-1408-4AE3-859E-4469C65F18E8}.Release|x86.Build.0 = Release|Win32
		{EB3A7E56-8D0B-4151-957B-420E26D1F148}.Debug|x64.ActiveCfg = Debug|x64
		{EB3A7E56-8D0B-4151-957B-420E26D1F148}.Debug|x64.Build.0 = Debug|x64
		{EB3A7E56-8D0B-4151-957B-420E26D1F148}.Debug|x86.ActiveCfg = Debug|Win32
		{EB3A7E56-8D0B-4151-957B-420E26D1F148}.Debug|x86.Build.0 = Debug|Win32
		{EB3A7E56-8D0B-4151-957B-420E26D1F148}.Release|x64.ActiveCfg = Release|x64
		{EB3A7E56-8D0B-4151-957B-420E26D1F148}.Release|x64.Build.0 = Release|x64
		{EB3A7E56-8D0B-4151-957B-420E26D1F148}.Release|x86.ActiveCfg = Release|Win32
		{EB3A7E56-8D0B-4151-957B-420E26D1F148}.Release|x86.Build.0 = Release|Win32
		{01450E78-6B6B-4F65-9B5C-A458A96FF82F}.Debug|x64.ActiveCfg = Debug|x64
		{01450E78-6B6B-4F65-9B5C-A458A96FF82F}.Debug|x64.Build.0 = Debug|x64
		{01450E78-6B6B-4F65-9B5C-A458A96FF82F}.Debug|x86.ActiveCfg = Debug|Win32
		{01450E78-6B6B-4F65-9B5C-A458A96FF82F}.Debug|x86.Build.0 = Debug|Win32
		{01450E78-6B6B-4F65-9B5C-A458A96FF82F}.Release|x64.ActiveCfg = Release|x64
		{01450E78-6B6B-4F65-9B5C-A458A96FF82F}.Release|x64.Build.0 = Release|x64
		{01450E78-6B6B-4F65-9B5C-A458A96FF82F}.Release|x86.ActiveCfg = Release|Win32
		{01450E78-6B6B-4F65-9B5C-A458A96FF82F}.Release|x86.Build.0 = Release|Win32
		{FA1BACA2-7E68-48C6-8B3C-D7D7B7AA324B}.Debug|x64.ActiveCfg = Debug|x64
		{FA1BACA2-7E68-48C6-8B3C-D7D7B7AA324B}.Debug|x64.Build.0 = Debug|x64
		{FA1BACA2-7E68-48C6-8B3C-D7D7B7AA324B}.Debug|x86.ActiveCfg = Debug|Win32
		{FA1BACA2-7E68-48C6-8B3C-D7D7B7AA324B}.Debug|x86.Build.0 = Debug|Win32
		{FA1BACA2-7E68-48C6-8B3C-D7D7B7AA324B}.Release|x64.ActiveCfg = Release|x64
		{FA1BACA2-7E68-48C6-8B3C-D7D7B7AA324B}.Release|x64.Build.0 = Release|x64
		{FA1BACA2-7E68-48C6-8B3C-D7D7B7AA324B}.Release|x86.ActiveCfg = Release|Win32
		{FA1BACA2-7E68-48C6-8B3C-D7D7B7AA324B}.Release|x86.Build.0 = Release|Win32
	EndGlobalSection
	GlobalSection(SolutionProperties) = preSolution
		HideSolutionNode = FALSE
	EndGlobalSection
	GlobalSection(NestedProjects) = preSolution
		{EB3A7E56-8D0B-4151-957B-420E26D1F148} = {664358B0-88D1-4AF7-9D7E-BEA17A40CDCD}
		{01450E78-6B6B-4F65-9B5C-A458A96FF82F} = {54AB0344-D9A9-4FC5-A57C-170A325FEE74}
	EndGlobalSection
	GlobalSection(ExtensibilityGlobals) = postSolution
		SolutionGuid = {98061737-A25D-4D1A-AAAE-CD96C1712C02}
	EndGlobalSection
EndGlobal
