
Microsoft Visual Studio Solution File, Format Version 12.00
# Visual Studio Version 17
VisualStudioVersion = 17.11.35303.130
MinimumVisualStudioVersion = 10.0.40219.1
Project("{8BC9CEB8-8B4A-11D0-8D11-00A0C91BC942}") = "marron_hw", "marron_hw\marron_hw.vcxproj", "{E84AD6CA-0343-4320-A4C3-DB33A6C9F2BE}"
EndProject
Project("{8BC9CEB8-8B4A-11D0-8D11-00A0C91BC942}") = "Test", "Test\Test.vcxproj", "{D4C66894-1408-4AE3-859E-4469C65F18E8}"
EndProject
Project("{2150E333-8FDC-42A3-9474-1A3956D46DE8}") = "Framework", "Framework", "{664358B0-88D1-4AF7-9D7E-BEA17A40CDCD}"
EndProject
Project("{2150E333-8FDC-42A3-9474-1A3956D46DE8}") = "DataStruct", "DataStruct", "{54AB0344-D9A9-4FC5-A57C-170A325FEE74}"
EndProject
Project("{8BC9CEB8-8B4A-11D0-8D11-00A0C91BC942}") = "Node", "Node\Node.vcxproj", "{01450E78-6B6B-4F65-9B5C-A458A96FF82F}"
EndProject
Project("{8BC9CEB8-8B4A-11D0-8D11-00A0C91BC942}") = "TextRpgLast", "TextRpgLast\TextRpgLast.vcxproj", "{FA1BACA2-7E68-48C6-8B3C-D7D7B7AA324B}"
EndProject
Project("{8BC9CEB8-8B4A-11D0-8D11-00A0C91BC942}") = "ConsoleGame", "ConsoleGame\ConsoleGame.vcxproj", "{8C4E8EF7-7B11-45F5-A8A4-F4231B067447}"
EndProject
Project("{2150E333-8FDC-42A3-9474-1A3956D46DE8}") = "Game", "Game", "{AD3630E9-8E35-47DF-B5BD-5D8E1DA3980D}"
EndProject
Project("{8BC9CEB8-8B4A-11D0-8D11-00A0C91BC942}") = "App", "App\App.vcxproj", "{DB35A450-F549-48A2-A3AD-88407C678AF8}"
EndProject
Project("{2150E333-8FDC-42A3-9474-1A3956D46DE8}") = "Tetris", "Tetris", "{997751F5-CDD1-4276-ADDD-02172C07B6BF}"
EndProject
Project("{8BC9CEB8-8B4A-11D0-8D11-00A0C91BC942}") = "TetrisContents", "TetrisContents\TetrisContents.vcxproj", "{F8BA27FF-D847-495A-9D68-2D9014785C1C}"
EndProject
Project("{8BC9CEB8-8B4A-11D0-8D11-00A0C91BC942}") = "EngineBase", "EngineBase\EngineBase.vcxproj", "{3E33FAFA-2054-4CC0-9E5B-E06F7EB766DD}"
EndProject
Project("{8BC9CEB8-8B4A-11D0-8D11-00A0C91BC942}") = "EngineCore", "EngineCore\EngineCore.vcxproj", "{EEB50C4D-2AF2-4649-A396-61CCA9E4E189}"
EndProject
Project("{8BC9CEB8-8B4A-11D0-8D11-00A0C91BC942}") = "Vector", "Vector\Vector.vcxproj", "{463E1053-2380-44F2-82D4-7AFA66A0315A}"
EndProject
Global
	GlobalSection(SolutionConfigurationPlatforms) = preSolution
		Debug|x64 = Debug|x64
		Debug|x86 = Debug|x86
		Release|x64 = Release|x64
		Release|x86 = Release|x86
	EndGlobalSection
	GlobalSection(ProjectConfigurationPlatforms) = postSolution
		{E84AD6CA-0343-4320-A4C3-DB33A6C9F2BE}.Debug|x64.ActiveCfg = Debug|x64
		{E84AD6CA-0343-4320-A4C3-DB33A6C9F2BE}.Debug|x64.Build.0 = Debug|x64
		{E84AD6CA-0343-4320-A4C3-DB33A6C9F2BE}.Debug|x86.ActiveCfg = Debug|Win32
		{E84AD6CA-0343-4320-A4C3-DB33A6C9F2BE}.Debug|x86.Build.0 = Debug|Win32
		{E84AD6CA-0343-4320-A4C3-DB33A6C9F2BE}.Release|x64.ActiveCfg = Release|x64
		{E84AD6CA-0343-4320-A4C3-DB33A6C9F2BE}.Release|x64.Build.0 = Release|x64
		{E84AD6CA-0343-4320-A4C3-DB33A6C9F2BE}.Release|x86.ActiveCfg = Release|Win32
		{E84AD6CA-0343-4320-A4C3-DB33A6C9F2BE}.Release|x86.Build.0 = Release|Win32
		{D4C66894-1408-4AE3-859E-4469C65F18E8}.Debug|x64.ActiveCfg = Debug|x64
		{D4C66894-1408-4AE3-859E-4469C65F18E8}.Debug|x64.Build.0 = Debug|x64
		{D4C66894-1408-4AE3-859E-4469C65F18E8}.Debug|x86.ActiveCfg = Debug|Win32
		{D4C66894-1408-4AE3-859E-4469C65F18E8}.Debug|x86.Build.0 = Debug|Win32
		{D4C66894-1408-4AE3-859E-4469C65F18E8}.Release|x64.ActiveCfg = Release|x64
		{D4C66894-1408-4AE3-859E-4469C65F18E8}.Release|x64.Build.0 = Release|x64
		{D4C66894-1408-4AE3-859E-4469C65F18E8}.Release|x86.ActiveCfg = Release|Win32
		{D4C66894-1408-4AE3-859E-4469C65F18E8}.Release|x86.Build.0 = Release|Win32
		{01450E78-6B6B-4F65-9B5C-A458A96FF82F}.Debug|x64.ActiveCfg = Debug|x64
		{01450E78-6B6B-4F65-9B5C-A458A96FF82F}.Debug|x64.Build.0 = Debug|x64
		{01450E78-6B6B-4F65-9B5C-A458A96FF82F}.Debug|x86.ActiveCfg = Debug|Win32
		{01450E78-6B6B-4F65-9B5C-A458A96FF82F}.Debug|x86.Build.0 = Debug|Win32
		{01450E78-6B6B-4F65-9B5C-A458A96FF82F}.Release|x64.ActiveCfg = Release|x64
		{01450E78-6B6B-4F65-9B5C-A458A96FF82F}.Release|x64.Build.0 = Release|x64
		{01450E78-6B6B-4F65-9B5C-A458A96FF82F}.Release|x86.ActiveCfg = Release|Win32
		{01450E78-6B6B-4F65-9B5C-A458A96FF82F}.Release|x86.Build.0 = Release|Win32
		{FA1BACA2-7E68-48C6-8B3C-D7D7B7AA324B}.Debug|x64.ActiveCfg = Debug|x64
		{FA1BACA2-7E68-48C6-8B3C-D7D7B7AA324B}.Debug|x64.Build.0 = Debug|x64
		{FA1BACA2-7E68-48C6-8B3C-D7D7B7AA324B}.Debug|x86.ActiveCfg = Debug|Win32
		{FA1BACA2-7E68-48C6-8B3C-D7D7B7AA324B}.Debug|x86.Build.0 = Debug|Win32
		{FA1BACA2-7E68-48C6-8B3C-D7D7B7AA324B}.Release|x64.ActiveCfg = Release|x64
		{FA1BACA2-7E68-48C6-8B3C-D7D7B7AA324B}.Release|x64.Build.0 = Release|x64
		{FA1BACA2-7E68-48C6-8B3C-D7D7B7AA324B}.Release|x86.ActiveCfg = Release|Win32
		{FA1BACA2-7E68-48C6-8B3C-D7D7B7AA324B}.Release|x86.Build.0 = Release|Win32
		{8C4E8EF7-7B11-45F5-A8A4-F4231B067447}.Debug|x64.ActiveCfg = Debug|x64
		{8C4E8EF7-7B11-45F5-A8A4-F4231B067447}.Debug|x64.Build.0 = Debug|x64
		{8C4E8EF7-7B11-45F5-A8A4-F4231B067447}.Debug|x86.ActiveCfg = Debug|Win32
		{8C4E8EF7-7B11-45F5-A8A4-F4231B067447}.Debug|x86.Build.0 = Debug|Win32
		{8C4E8EF7-7B11-45F5-A8A4-F4231B067447}.Release|x64.ActiveCfg = Release|x64
		{8C4E8EF7-7B11-45F5-A8A4-F4231B067447}.Release|x64.Build.0 = Release|x64
		{8C4E8EF7-7B11-45F5-A8A4-F4231B067447}.Release|x86.ActiveCfg = Release|Win32
		{8C4E8EF7-7B11-45F5-A8A4-F4231B067447}.Release|x86.Build.0 = Release|Win32
		{DB35A450-F549-48A2-A3AD-88407C678AF8}.Debug|x64.ActiveCfg = Debug|x64
		{DB35A450-F549-48A2-A3AD-88407C678AF8}.Debug|x64.Build.0 = Debug|x64
		{DB35A450-F549-48A2-A3AD-88407C678AF8}.Debug|x86.ActiveCfg = Debug|Win32
		{DB35A450-F549-48A2-A3AD-88407C678AF8}.Debug|x86.Build.0 = Debug|Win32
		{DB35A450-F549-48A2-A3AD-88407C678AF8}.Release|x64.ActiveCfg = Release|x64
		{DB35A450-F549-48A2-A3AD-88407C678AF8}.Release|x64.Build.0 = Release|x64
		{DB35A450-F549-48A2-A3AD-88407C678AF8}.Release|x86.ActiveCfg = Release|Win32
		{DB35A450-F549-48A2-A3AD-88407C678AF8}.Release|x86.Build.0 = Release|Win32
		{F8BA27FF-D847-495A-9D68-2D9014785C1C}.Debug|x64.ActiveCfg = Debug|x64
		{F8BA27FF-D847-495A-9D68-2D9014785C1C}.Debug|x64.Build.0 = Debug|x64
		{F8BA27FF-D847-495A-9D68-2D9014785C1C}.Debug|x86.ActiveCfg = Debug|Win32
		{F8BA27FF-D847-495A-9D68-2D9014785C1C}.Debug|x86.Build.0 = Debug|Win32
		{F8BA27FF-D847-495A-9D68-2D9014785C1C}.Release|x64.ActiveCfg = Release|x64
		{F8BA27FF-D847-495A-9D68-2D9014785C1C}.Release|x64.Build.0 = Release|x64
		{F8BA27FF-D847-495A-9D68-2D9014785C1C}.Release|x86.ActiveCfg = Release|Win32
		{F8BA27FF-D847-495A-9D68-2D9014785C1C}.Release|x86.Build.0 = Release|Win32
		{3E33FAFA-2054-4CC0-9E5B-E06F7EB766DD}.Debug|x64.ActiveCfg = Debug|x64
		{3E33FAFA-2054-4CC0-9E5B-E06F7EB766DD}.Debug|x64.Build.0 = Debug|x64
		{3E33FAFA-2054-4CC0-9E5B-E06F7EB766DD}.Debug|x86.ActiveCfg = Debug|Win32
		{3E33FAFA-2054-4CC0-9E5B-E06F7EB766DD}.Debug|x86.Build.0 = Debug|Win32
		{3E33FAFA-2054-4CC0-9E5B-E06F7EB766DD}.Release|x64.ActiveCfg = Release|x64
		{3E33FAFA-2054-4CC0-9E5B-E06F7EB766DD}.Release|x64.Build.0 = Release|x64
		{3E33FAFA-2054-4CC0-9E5B-E06F7EB766DD}.Release|x86.ActiveCfg = Release|Win32
		{3E33FAFA-2054-4CC0-9E5B-E06F7EB766DD}.Release|x86.Build.0 = Release|Win32
		{EEB50C4D-2AF2-4649-A396-61CCA9E4E189}.Debug|x64.ActiveCfg = Debug|x64
		{EEB50C4D-2AF2-4649-A396-61CCA9E4E189}.Debug|x64.Build.0 = Debug|x64
		{EEB50C4D-2AF2-4649-A396-61CCA9E4E189}.Debug|x86.ActiveCfg = Debug|Win32
		{EEB50C4D-2AF2-4649-A396-61CCA9E4E189}.Debug|x86.Build.0 = Debug|Win32
		{EEB50C4D-2AF2-4649-A396-61CCA9E4E189}.Release|x64.ActiveCfg = Release|x64
		{EEB50C4D-2AF2-4649-A396-61CCA9E4E189}.Release|x64.Build.0 = Release|x64
		{EEB50C4D-2AF2-4649-A396-61CCA9E4E189}.Release|x86.ActiveCfg = Release|Win32
		{EEB50C4D-2AF2-4649-A396-61CCA9E4E189}.Release|x86.Build.0 = Release|Win32
		{463E1053-2380-44F2-82D4-7AFA66A0315A}.Debug|x64.ActiveCfg = Debug|x64
		{463E1053-2380-44F2-82D4-7AFA66A0315A}.Debug|x64.Build.0 = Debug|x64
		{463E1053-2380-44F2-82D4-7AFA66A0315A}.Debug|x86.ActiveCfg = Debug|Win32
		{463E1053-2380-44F2-82D4-7AFA66A0315A}.Debug|x86.Build.0 = Debug|Win32
		{463E1053-2380-44F2-82D4-7AFA66A0315A}.Release|x64.ActiveCfg = Release|x64
		{463E1053-2380-44F2-82D4-7AFA66A0315A}.Release|x64.Build.0 = Release|x64
		{463E1053-2380-44F2-82D4-7AFA66A0315A}.Release|x86.ActiveCfg = Release|Win32
		{463E1053-2380-44F2-82D4-7AFA66A0315A}.Release|x86.Build.0 = Release|Win32
	EndGlobalSection
	GlobalSection(SolutionProperties) = preSolution
		HideSolutionNode = FALSE
	EndGlobalSection
	GlobalSection(NestedProjects) = preSolution
		{D4C66894-1408-4AE3-859E-4469C65F18E8} = {AD3630E9-8E35-47DF-B5BD-5D8E1DA3980D}
		{01450E78-6B6B-4F65-9B5C-A458A96FF82F} = {54AB0344-D9A9-4FC5-A57C-170A325FEE74}
		{FA1BACA2-7E68-48C6-8B3C-D7D7B7AA324B} = {AD3630E9-8E35-47DF-B5BD-5D8E1DA3980D}
		{8C4E8EF7-7B11-45F5-A8A4-F4231B067447} = {AD3630E9-8E35-47DF-B5BD-5D8E1DA3980D}
		{DB35A450-F549-48A2-A3AD-88407C678AF8} = {997751F5-CDD1-4276-ADDD-02172C07B6BF}
		{997751F5-CDD1-4276-ADDD-02172C07B6BF} = {AD3630E9-8E35-47DF-B5BD-5D8E1DA3980D}
		{F8BA27FF-D847-495A-9D68-2D9014785C1C} = {997751F5-CDD1-4276-ADDD-02172C07B6BF}
		{3E33FAFA-2054-4CC0-9E5B-E06F7EB766DD} = {664358B0-88D1-4AF7-9D7E-BEA17A40CDCD}
		{EEB50C4D-2AF2-4649-A396-61CCA9E4E189} = {664358B0-88D1-4AF7-9D7E-BEA17A40CDCD}
		{463E1053-2380-44F2-82D4-7AFA66A0315A} = {54AB0344-D9A9-4FC5-A57C-170A325FEE74}
	EndGlobalSection
	GlobalSection(ExtensibilityGlobals) = postSolution
		SolutionGuid = {98061737-A25D-4D1A-AAAE-CD96C1712C02}
	EndGlobalSection
EndGlobal
