<?xml version="1.0" encoding="utf-8"?>
<Project ToolsVersion="4.0" xmlns="http://schemas.microsoft.com/developer/msbuild/2003">
  <ItemGroup>
    <Filter Include="Core">
      <UniqueIdentifier>{f0c88a3c-fb84-44bc-9122-f72c609a06c8}</UniqueIdentifier>
    </Filter>
    <Filter Include="Global">
      <UniqueIdentifier>{ffab0523-5d4e-4f33-9899-7faa47954d8e}</UniqueIdentifier>
    </Filter>
    <Filter Include="Object">
      <UniqueIdentifier>{d542bba6-c161-42e2-8fdd-6283e335cacb}</UniqueIdentifier>
    </Filter>
    <Filter Include="Platform">
      <UniqueIdentifier>{085460f1-7478-483d-a783-7ac802037b93}</UniqueIdentifier>
    </Filter>
    <Filter Include="Resources">
      <UniqueIdentifier>{7a80dae9-9cfd-4ca1-8a96-d59d17d3730d}</UniqueIdentifier>
    </Filter>
    <Filter Include="Object\Component">
      <UniqueIdentifier>{2c4cdbc8-458d-4dda-a009-573f7b85dc69}</UniqueIdentifier>
    </Filter>
  </ItemGroup>
  <ItemGroup>
    <ClCompile Include="ConsoleEngine.cpp">
      <Filter>Core</Filter>
    </ClCompile>
    <ClCompile Include="Enums.cpp">
      <Filter>Global</Filter>
    </ClCompile>
    <ClCompile Include="ConsoleImage.cpp">
      <Filter>Resources</Filter>
    </ClCompile>
    <ClCompile Include="ConsoleWindow.cpp">
      <Filter>Platform</Filter>
    </ClCompile>
    <ClCompile Include="Actor.cpp">
      <Filter>Object</Filter>
    </ClCompile>
    <ClCompile Include="Renderer.cpp">
      <Filter>Object\Component</Filter>
    </ClCompile>
    <ClCompile Include="ActorVector.cpp">
      <Filter>Object</Filter>
    </ClCompile>
  </ItemGroup>
  <ItemGroup>
    <ClInclude Include="ConsoleEngine.h">
      <Filter>Core</Filter>
    </ClInclude>
    <ClInclude Include="Enums.h">
      <Filter>Global</Filter>
    </ClInclude>
    <ClInclude Include="ConsoleImage.h">
      <Filter>Resources</Filter>
    </ClInclude>
    <ClInclude Include="ConsoleWindow.h">
      <Filter>Platform</Filter>
    </ClInclude>
    <ClInclude Include="Actor.h">
      <Filter>Object</Filter>
    </ClInclude>
    <ClInclude Include="Renderer.h">
      <Filter>Object\Component</Filter>
    </ClInclude>
    <ClInclude Include="ActorVector.h">
      <Filter>Object</Filter>
    </ClInclude>
  </ItemGroup>
</Project>